
Microsoft Visual Studio Solution File, Format Version 12.00
# Visual Studio Version 16
VisualStudioVersion = 16.0.30320.27
MinimumVisualStudioVersion = 10.0.40219.1
Project("{FAE04EC0-301F-11D3-BF4B-00C04F79EFBC}") = "SimpleCalculator2", "SimpleCalculator2\SimpleCalculator2.csproj", "{7CC4B810-E286-4F06-992C-2FA6AAB34B98}"
EndProject
Project("{FAE04EC0-301F-11D3-BF4B-00C04F79EFBC}") = "SimpleCalculator.Test.Unit", "SimpleCalculator.Test.Unit\SimpleCalculator.Test.Unit.csproj", "{35BBBA04-4B9E-446B-97C1-38F5D248E65A}"
EndProject
Global
	GlobalSection(SolutionConfigurationPlatforms) = preSolution
		Debug|Any CPU = Debug|Any CPU
		Release|Any CPU = Release|Any CPU
	EndGlobalSection
	GlobalSection(ProjectConfigurationPlatforms) = postSolution
		{7CC4B810-E286-4F06-992C-2FA6AAB34B98}.Debug|Any CPU.ActiveCfg = Debug|Any CPU
		{7CC4B810-E286-4F06-992C-2FA6AAB34B98}.Debug|Any CPU.Build.0 = Debug|Any CPU
		{7CC4B810-E286-4F06-992C-2FA6AAB34B98}.Release|Any CPU.ActiveCfg = Release|Any CPU
		{7CC4B810-E286-4F06-992C-2FA6AAB34B98}.Release|Any CPU.Build.0 = Release|Any CPU
		{35BBBA04-4B9E-446B-97C1-38F5D248E65A}.Debug|Any CPU.ActiveCfg = Debug|Any CPU
		{35BBBA04-4B9E-446B-97C1-38F5D248E65A}.Debug|Any CPU.Build.0 = Debug|Any CPU
		{35BBBA04-4B9E-446B-97C1-38F5D248E65A}.Release|Any CPU.ActiveCfg = Release|Any CPU
		{35BBBA04-4B9E-446B-97C1-38F5D248E65A}.Release|Any CPU.Build.0 = Release|Any CPU
	EndGlobalSection
	GlobalSection(SolutionProperties) = preSolution
		HideSolutionNode = FALSE
	EndGlobalSection
	GlobalSection(ExtensibilityGlobals) = postSolution
		SolutionGuid = {B9464AC8-7551-4F71-B190-B928D27324CE}
	EndGlobalSection
EndGlobal
